// !$*UTF8*$!
{
	archiveVersion = 1;
	classes = {
	};
	objectVersion = 56;
	objects = {

/* Begin PBXBuildFile section */
		4C42425C2B0CAE6B00EC1F06 /* StartWarsApp.swift in Sources */ = {isa = PBXBuildFile; fileRef = 4C42425B2B0CAE6B00EC1F06 /* StartWarsApp.swift */; };
		4C42425E2B0CAE6B00EC1F06 /* MenuView.swift in Sources */ = {isa = PBXBuildFile; fileRef = 4C42425D2B0CAE6B00EC1F06 /* MenuView.swift */; };
		4C4242602B0CAE6D00EC1F06 /* Assets.xcassets in Resources */ = {isa = PBXBuildFile; fileRef = 4C42425F2B0CAE6D00EC1F06 /* Assets.xcassets */; };
		4C4242632B0CAE6D00EC1F06 /* Preview Assets.xcassets in Resources */ = {isa = PBXBuildFile; fileRef = 4C4242622B0CAE6D00EC1F06 /* Preview Assets.xcassets */; };
		4C42426A2B0CD10500EC1F06 /* FilmsListView.swift in Sources */ = {isa = PBXBuildFile; fileRef = 4C4242692B0CD10500EC1F06 /* FilmsListView.swift */; };
		4C42426C2B0CD1B300EC1F06 /* NetworkManager.swift in Sources */ = {isa = PBXBuildFile; fileRef = 4C42426B2B0CD1B300EC1F06 /* NetworkManager.swift */; };
		4C42426E2B0CD1D500EC1F06 /* StarWarsAPI.swift in Sources */ = {isa = PBXBuildFile; fileRef = 4C42426D2B0CD1D500EC1F06 /* StarWarsAPI.swift */; };
		4C4242702B0CEA9600EC1F06 /* DataModel.swift in Sources */ = {isa = PBXBuildFile; fileRef = 4C42426F2B0CEA9600EC1F06 /* DataModel.swift */; };
		4C4242722B0CFBF800EC1F06 /* FilmsListViewModel.swift in Sources */ = {isa = PBXBuildFile; fileRef = 4C4242712B0CFBF800EC1F06 /* FilmsListViewModel.swift */; };
		4C4242762B0E0F6800EC1F06 /* FilmDataManager.swift in Sources */ = {isa = PBXBuildFile; fileRef = 4C4242752B0E0F6800EC1F06 /* FilmDataManager.swift */; };
		4C4242782B0E1A6700EC1F06 /* DataStore.swift in Sources */ = {isa = PBXBuildFile; fileRef = 4C4242772B0E1A6700EC1F06 /* DataStore.swift */; };
		4C42427A2B0E303000EC1F06 /* MenuViewModel.swift in Sources */ = {isa = PBXBuildFile; fileRef = 4C4242792B0E303000EC1F06 /* MenuViewModel.swift */; };
		4C42427E2B0E462200EC1F06 /* FilmDetailView.swift in Sources */ = {isa = PBXBuildFile; fileRef = 4C42427D2B0E462200EC1F06 /* FilmDetailView.swift */; };
		4C4242802B0E4C8A00EC1F06 /* ResponseDataModel.swift in Sources */ = {isa = PBXBuildFile; fileRef = 4C42427F2B0E4C8A00EC1F06 /* ResponseDataModel.swift */; };
		4C91D15B2B0F2C3A0077E922 /* Extensions.swift in Sources */ = {isa = PBXBuildFile; fileRef = 4C91D15A2B0F2C3A0077E922 /* Extensions.swift */; };
		4C91D15D2B0F5A2C0077E922 /* FilmDetailViewModel.swift in Sources */ = {isa = PBXBuildFile; fileRef = 4C91D15C2B0F5A2C0077E922 /* FilmDetailViewModel.swift */; };
		4C91D15F2B0F76BF0077E922 /* PeopleDataManager.swift in Sources */ = {isa = PBXBuildFile; fileRef = 4C91D15E2B0F76BF0077E922 /* PeopleDataManager.swift */; };
		A81443811947EAFCB5B1AAF4 /* Pods_StartWars.framework in Frameworks */ = {isa = PBXBuildFile; fileRef = BE1013901000008D705A455B /* Pods_StartWars.framework */; };
/* End PBXBuildFile section */

/* Begin PBXFileReference section */
		06AED48B56A70582A621BA4D /* Pods-StartWars.release.xcconfig */ = {isa = PBXFileReference; includeInIndex = 1; lastKnownFileType = text.xcconfig; name = "Pods-StartWars.release.xcconfig"; path = "Target Support Files/Pods-StartWars/Pods-StartWars.release.xcconfig"; sourceTree = "<group>"; };
		4C4242582B0CAE6B00EC1F06 /* StartWars.app */ = {isa = PBXFileReference; explicitFileType = wrapper.application; includeInIndex = 0; path = StartWars.app; sourceTree = BUILT_PRODUCTS_DIR; };
		4C42425B2B0CAE6B00EC1F06 /* StartWarsApp.swift */ = {isa = PBXFileReference; lastKnownFileType = sourcecode.swift; path = StartWarsApp.swift; sourceTree = "<group>"; };
		4C42425D2B0CAE6B00EC1F06 /* MenuView.swift */ = {isa = PBXFileReference; lastKnownFileType = sourcecode.swift; path = MenuView.swift; sourceTree = "<group>"; };
		4C42425F2B0CAE6D00EC1F06 /* Assets.xcassets */ = {isa = PBXFileReference; lastKnownFileType = folder.assetcatalog; path = Assets.xcassets; sourceTree = "<group>"; };
		4C4242622B0CAE6D00EC1F06 /* Preview Assets.xcassets */ = {isa = PBXFileReference; lastKnownFileType = folder.assetcatalog; path = "Preview Assets.xcassets"; sourceTree = "<group>"; };
		4C4242692B0CD10500EC1F06 /* FilmsListView.swift */ = {isa = PBXFileReference; lastKnownFileType = sourcecode.swift; path = FilmsListView.swift; sourceTree = "<group>"; };
		4C42426B2B0CD1B300EC1F06 /* NetworkManager.swift */ = {isa = PBXFileReference; lastKnownFileType = sourcecode.swift; path = NetworkManager.swift; sourceTree = "<group>"; };
		4C42426D2B0CD1D500EC1F06 /* StarWarsAPI.swift */ = {isa = PBXFileReference; lastKnownFileType = sourcecode.swift; path = StarWarsAPI.swift; sourceTree = "<group>"; };
		4C42426F2B0CEA9600EC1F06 /* DataModel.swift */ = {isa = PBXFileReference; lastKnownFileType = sourcecode.swift; path = DataModel.swift; sourceTree = "<group>"; };
		4C4242712B0CFBF800EC1F06 /* FilmsListViewModel.swift */ = {isa = PBXFileReference; lastKnownFileType = sourcecode.swift; path = FilmsListViewModel.swift; sourceTree = "<group>"; };
		4C4242752B0E0F6800EC1F06 /* FilmDataManager.swift */ = {isa = PBXFileReference; lastKnownFileType = sourcecode.swift; path = FilmDataManager.swift; sourceTree = "<group>"; };
		4C4242772B0E1A6700EC1F06 /* DataStore.swift */ = {isa = PBXFileReference; lastKnownFileType = sourcecode.swift; path = DataStore.swift; sourceTree = "<group>"; };
		4C4242792B0E303000EC1F06 /* MenuViewModel.swift */ = {isa = PBXFileReference; lastKnownFileType = sourcecode.swift; path = MenuViewModel.swift; sourceTree = "<group>"; };
		4C42427D2B0E462200EC1F06 /* FilmDetailView.swift */ = {isa = PBXFileReference; lastKnownFileType = sourcecode.swift; path = FilmDetailView.swift; sourceTree = "<group>"; };
		4C42427F2B0E4C8A00EC1F06 /* ResponseDataModel.swift */ = {isa = PBXFileReference; lastKnownFileType = sourcecode.swift; path = ResponseDataModel.swift; sourceTree = "<group>"; };
		4C91D15A2B0F2C3A0077E922 /* Extensions.swift */ = {isa = PBXFileReference; lastKnownFileType = sourcecode.swift; path = Extensions.swift; sourceTree = "<group>"; };
		4C91D15C2B0F5A2C0077E922 /* FilmDetailViewModel.swift */ = {isa = PBXFileReference; lastKnownFileType = sourcecode.swift; path = FilmDetailViewModel.swift; sourceTree = "<group>"; };
		4C91D15E2B0F76BF0077E922 /* PeopleDataManager.swift */ = {isa = PBXFileReference; lastKnownFileType = sourcecode.swift; path = PeopleDataManager.swift; sourceTree = "<group>"; };
		B5283B6E1BBFFBF268F15A12 /* Pods-StartWars.debug.xcconfig */ = {isa = PBXFileReference; includeInIndex = 1; lastKnownFileType = text.xcconfig; name = "Pods-StartWars.debug.xcconfig"; path = "Target Support Files/Pods-StartWars/Pods-StartWars.debug.xcconfig"; sourceTree = "<group>"; };
		BE1013901000008D705A455B /* Pods_StartWars.framework */ = {isa = PBXFileReference; explicitFileType = wrapper.framework; includeInIndex = 0; path = Pods_StartWars.framework; sourceTree = BUILT_PRODUCTS_DIR; };
/* End PBXFileReference section */

/* Begin PBXFrameworksBuildPhase section */
		4C4242552B0CAE6B00EC1F06 /* Frameworks */ = {
			isa = PBXFrameworksBuildPhase;
			buildActionMask = 2147483647;
			files = (
				A81443811947EAFCB5B1AAF4 /* Pods_StartWars.framework in Frameworks */,
			);
			runOnlyForDeploymentPostprocessing = 0;
		};
/* End PBXFrameworksBuildPhase section */

/* Begin PBXGroup section */
		3C7946EB0251F656A635095E /* Pods */ = {
			isa = PBXGroup;
			children = (
				B5283B6E1BBFFBF268F15A12 /* Pods-StartWars.debug.xcconfig */,
				06AED48B56A70582A621BA4D /* Pods-StartWars.release.xcconfig */,
			);
			path = Pods;
			sourceTree = "<group>";
		};
		4C42424F2B0CAE6B00EC1F06 = {
			isa = PBXGroup;
			children = (
				4C42425A2B0CAE6B00EC1F06 /* StartWars */,
				4C4242592B0CAE6B00EC1F06 /* Products */,
				3C7946EB0251F656A635095E /* Pods */,
				A3B61DF6895D42BA1AFCBFE9 /* Frameworks */,
			);
			sourceTree = "<group>";
		};
		4C4242592B0CAE6B00EC1F06 /* Products */ = {
			isa = PBXGroup;
			children = (
				4C4242582B0CAE6B00EC1F06 /* StartWars.app */,
			);
			name = Products;
			sourceTree = "<group>";
		};
		4C42425A2B0CAE6B00EC1F06 /* StartWars */ = {
			isa = PBXGroup;
			children = (
				4C4242812B0F25F900EC1F06 /* Menu */,
				4C4242822B0F263200EC1F06 /* FilmsList */,
				4C4242832B0F266100EC1F06 /* FilmDetail */,
				4C4242732B0E0EFB00EC1F06 /* Network */,
				4C4242742B0E0F0D00EC1F06 /* Data */,
				4C42425F2B0CAE6D00EC1F06 /* Assets.xcassets */,
				4C42425B2B0CAE6B00EC1F06 /* StartWarsApp.swift */,
				4C4242612B0CAE6D00EC1F06 /* Preview Content */,
				4C91D15A2B0F2C3A0077E922 /* Extensions.swift */,
			);
			path = StartWars;
			sourceTree = "<group>";
		};
		4C4242612B0CAE6D00EC1F06 /* Preview Content */ = {
			isa = PBXGroup;
			children = (
				4C4242622B0CAE6D00EC1F06 /* Preview Assets.xcassets */,
			);
			path = "Preview Content";
			sourceTree = "<group>";
		};
		4C4242732B0E0EFB00EC1F06 /* Network */ = {
			isa = PBXGroup;
			children = (
				4C42426B2B0CD1B300EC1F06 /* NetworkManager.swift */,
				4C42426D2B0CD1D500EC1F06 /* StarWarsAPI.swift */,
			);
			path = Network;
			sourceTree = "<group>";
		};
		4C4242742B0E0F0D00EC1F06 /* Data */ = {
			isa = PBXGroup;
			children = (
				4C4242772B0E1A6700EC1F06 /* DataStore.swift */,
				4C4242752B0E0F6800EC1F06 /* FilmDataManager.swift */,
				4C91D15E2B0F76BF0077E922 /* PeopleDataManager.swift */,
				4C42426F2B0CEA9600EC1F06 /* DataModel.swift */,
				4C42427F2B0E4C8A00EC1F06 /* ResponseDataModel.swift */,
			);
			path = Data;
			sourceTree = "<group>";
		};
		4C4242812B0F25F900EC1F06 /* Menu */ = {
			isa = PBXGroup;
			children = (
				4C42425D2B0CAE6B00EC1F06 /* MenuView.swift */,
				4C4242792B0E303000EC1F06 /* MenuViewModel.swift */,
			);
			path = Menu;
			sourceTree = "<group>";
		};
		4C4242822B0F263200EC1F06 /* FilmsList */ = {
			isa = PBXGroup;
			children = (
				4C4242692B0CD10500EC1F06 /* FilmsListView.swift */,
				4C4242712B0CFBF800EC1F06 /* FilmsListViewModel.swift */,
			);
			path = FilmsList;
			sourceTree = "<group>";
		};
		4C4242832B0F266100EC1F06 /* FilmDetail */ = {
			isa = PBXGroup;
			children = (
				4C42427D2B0E462200EC1F06 /* FilmDetailView.swift */,
				4C91D15C2B0F5A2C0077E922 /* FilmDetailViewModel.swift */,
			);
			path = FilmDetail;
			sourceTree = "<group>";
		};
		A3B61DF6895D42BA1AFCBFE9 /* Frameworks */ = {
			isa = PBXGroup;
			children = (
				BE1013901000008D705A455B /* Pods_StartWars.framework */,
			);
			name = Frameworks;
			sourceTree = "<group>";
		};
/* End PBXGroup section */

/* Begin PBXNativeTarget section */
		4C4242572B0CAE6B00EC1F06 /* StartWars */ = {
			isa = PBXNativeTarget;
			buildConfigurationList = 4C4242662B0CAE6D00EC1F06 /* Build configuration list for PBXNativeTarget "StartWars" */;
			buildPhases = (
				33CF47DC591E96D8A975ED02 /* [CP] Check Pods Manifest.lock */,
				4C4242542B0CAE6B00EC1F06 /* Sources */,
				4C4242552B0CAE6B00EC1F06 /* Frameworks */,
				4C4242562B0CAE6B00EC1F06 /* Resources */,
				1D9B777B8C222F13D3D3991A /* [CP] Embed Pods Frameworks */,
			);
			buildRules = (
			);
			dependencies = (
			);
			name = StartWars;
			productName = StartWars;
			productReference = 4C4242582B0CAE6B00EC1F06 /* StartWars.app */;
			productType = "com.apple.product-type.application";
		};
/* End PBXNativeTarget section */

/* Begin PBXProject section */
		4C4242502B0CAE6B00EC1F06 /* Project object */ = {
			isa = PBXProject;
			attributes = {
				BuildIndependentTargetsInParallel = 1;
				LastSwiftUpdateCheck = 1400;
				LastUpgradeCheck = 1400;
				TargetAttributes = {
					4C4242572B0CAE6B00EC1F06 = {
						CreatedOnToolsVersion = 14.0.1;
					};
				};
			};
			buildConfigurationList = 4C4242532B0CAE6B00EC1F06 /* Build configuration list for PBXProject "StartWars" */;
			compatibilityVersion = "Xcode 14.0";
			developmentRegion = en;
			hasScannedForEncodings = 0;
			knownRegions = (
				en,
				Base,
			);
			mainGroup = 4C42424F2B0CAE6B00EC1F06;
			productRefGroup = 4C4242592B0CAE6B00EC1F06 /* Products */;
			projectDirPath = "";
			projectRoot = "";
			targets = (
				4C4242572B0CAE6B00EC1F06 /* StartWars */,
			);
		};
/* End PBXProject section */

/* Begin PBXResourcesBuildPhase section */
		4C4242562B0CAE6B00EC1F06 /* Resources */ = {
			isa = PBXResourcesBuildPhase;
			buildActionMask = 2147483647;
			files = (
				4C4242632B0CAE6D00EC1F06 /* Preview Assets.xcassets in Resources */,
				4C4242602B0CAE6D00EC1F06 /* Assets.xcassets in Resources */,
			);
			runOnlyForDeploymentPostprocessing = 0;
		};
/* End PBXResourcesBuildPhase section */

/* Begin PBXShellScriptBuildPhase section */
		1D9B777B8C222F13D3D3991A /* [CP] Embed Pods Frameworks */ = {
			isa = PBXShellScriptBuildPhase;
			buildActionMask = 2147483647;
			files = (
			);
			inputFileListPaths = (
				"${PODS_ROOT}/Target Support Files/Pods-StartWars/Pods-StartWars-frameworks-${CONFIGURATION}-input-files.xcfilelist",
			);
			name = "[CP] Embed Pods Frameworks";
			outputFileListPaths = (
				"${PODS_ROOT}/Target Support Files/Pods-StartWars/Pods-StartWars-frameworks-${CONFIGURATION}-output-files.xcfilelist",
			);
			runOnlyForDeploymentPostprocessing = 0;
			shellPath = /bin/sh;
			shellScript = "\"${PODS_ROOT}/Target Support Files/Pods-StartWars/Pods-StartWars-frameworks.sh\"\n";
			showEnvVarsInLog = 0;
		};
		33CF47DC591E96D8A975ED02 /* [CP] Check Pods Manifest.lock */ = {
			isa = PBXShellScriptBuildPhase;
			buildActionMask = 2147483647;
			files = (
			);
			inputFileListPaths = (
			);
			inputPaths = (
				"${PODS_PODFILE_DIR_PATH}/Podfile.lock",
				"${PODS_ROOT}/Manifest.lock",
			);
			name = "[CP] Check Pods Manifest.lock";
			outputFileListPaths = (
			);
			outputPaths = (
				"$(DERIVED_FILE_DIR)/Pods-StartWars-checkManifestLockResult.txt",
			);
			runOnlyForDeploymentPostprocessing = 0;
			shellPath = /bin/sh;
			shellScript = "diff \"${PODS_PODFILE_DIR_PATH}/Podfile.lock\" \"${PODS_ROOT}/Manifest.lock\" > /dev/null\nif [ $? != 0 ] ; then\n    # print error to STDERR\n    echo \"error: The sandbox is not in sync with the Podfile.lock. Run 'pod install' or update your CocoaPods installation.\" >&2\n    exit 1\nfi\n# This output is used by Xcode 'outputs' to avoid re-running this script phase.\necho \"SUCCESS\" > \"${SCRIPT_OUTPUT_FILE_0}\"\n";
			showEnvVarsInLog = 0;
		};
/* End PBXShellScriptBuildPhase section */

/* Begin PBXSourcesBuildPhase section */
		4C4242542B0CAE6B00EC1F06 /* Sources */ = {
			isa = PBXSourcesBuildPhase;
			buildActionMask = 2147483647;
			files = (
				4C42426E2B0CD1D500EC1F06 /* StarWarsAPI.swift in Sources */,
				4C91D15F2B0F76BF0077E922 /* PeopleDataManager.swift in Sources */,
				4C4242802B0E4C8A00EC1F06 /* ResponseDataModel.swift in Sources */,
				4C42426C2B0CD1B300EC1F06 /* NetworkManager.swift in Sources */,
				4C4242722B0CFBF800EC1F06 /* FilmsListViewModel.swift in Sources */,
				4C42427A2B0E303000EC1F06 /* MenuViewModel.swift in Sources */,
				4C42425E2B0CAE6B00EC1F06 /* MenuView.swift in Sources */,
				4C42425C2B0CAE6B00EC1F06 /* StartWarsApp.swift in Sources */,
				4C4242762B0E0F6800EC1F06 /* FilmDataManager.swift in Sources */,
				4C91D15B2B0F2C3A0077E922 /* Extensions.swift in Sources */,
				4C42426A2B0CD10500EC1F06 /* FilmsListView.swift in Sources */,
				4C4242782B0E1A6700EC1F06 /* DataStore.swift in Sources */,
				4C42427E2B0E462200EC1F06 /* FilmDetailView.swift in Sources */,
				4C4242702B0CEA9600EC1F06 /* DataModel.swift in Sources */,
				4C91D15D2B0F5A2C0077E922 /* FilmDetailViewModel.swift in Sources */,
			);
			runOnlyForDeploymentPostprocessing = 0;
		};
/* End PBXSourcesBuildPhase section */

/* Begin XCBuildConfiguration section */
		4C4242642B0CAE6D00EC1F06 /* Debug */ = {
			isa = XCBuildConfiguration;
			buildSettings = {
				ALWAYS_SEARCH_USER_PATHS = NO;
				CLANG_ANALYZER_NONNULL = YES;
				CLANG_ANALYZER_NUMBER_OBJECT_CONVERSION = YES_AGGRESSIVE;
				CLANG_CXX_LANGUAGE_STANDARD = "gnu++20";
				CLANG_ENABLE_MODULES = YES;
				CLANG_ENABLE_OBJC_ARC = YES;
				CLANG_ENABLE_OBJC_WEAK = YES;
				CLANG_WARN_BLOCK_CAPTURE_AUTORELEASING = YES;
				CLANG_WARN_BOOL_CONVERSION = YES;
				CLANG_WARN_COMMA = YES;
				CLANG_WARN_CONSTANT_CONVERSION = YES;
				CLANG_WARN_DEPRECATED_OBJC_IMPLEMENTATIONS = YES;
				CLANG_WARN_DIRECT_OBJC_ISA_USAGE = YES_ERROR;
				CLANG_WARN_DOCUMENTATION_COMMENTS = YES;
				CLANG_WARN_EMPTY_BODY = YES;
				CLANG_WARN_ENUM_CONVERSION = YES;
				CLANG_WARN_INFINITE_RECURSION = YES;
				CLANG_WARN_INT_CONVERSION = YES;
				CLANG_WARN_NON_LITERAL_NULL_CONVERSION = YES;
				CLANG_WARN_OBJC_IMPLICIT_RETAIN_SELF = YES;
				CLANG_WARN_OBJC_LITERAL_CONVERSION = YES;
				CLANG_WARN_OBJC_ROOT_CLASS = YES_ERROR;
				CLANG_WARN_QUOTED_INCLUDE_IN_FRAMEWORK_HEADER = YES;
				CLANG_WARN_RANGE_LOOP_ANALYSIS = YES;
				CLANG_WARN_STRICT_PROTOTYPES = YES;
				CLANG_WARN_SUSPICIOUS_MOVE = YES;
				CLANG_WARN_UNGUARDED_AVAILABILITY = YES_AGGRESSIVE;
				CLANG_WARN_UNREACHABLE_CODE = YES;
				CLANG_WARN__DUPLICATE_METHOD_MATCH = YES;
				COPY_PHASE_STRIP = NO;
				DEBUG_INFORMATION_FORMAT = dwarf;
				ENABLE_STRICT_OBJC_MSGSEND = YES;
				ENABLE_TESTABILITY = YES;
				GCC_C_LANGUAGE_STANDARD = gnu11;
				GCC_DYNAMIC_NO_PIC = NO;
				GCC_NO_COMMON_BLOCKS = YES;
				GCC_OPTIMIZATION_LEVEL = 0;
				GCC_PREPROCESSOR_DEFINITIONS = (
					"DEBUG=1",
					"$(inherited)",
				);
				GCC_WARN_64_TO_32_BIT_CONVERSION = YES;
				GCC_WARN_ABOUT_RETURN_TYPE = YES_ERROR;
				GCC_WARN_UNDECLARED_SELECTOR = YES;
				GCC_WARN_UNINITIALIZED_AUTOS = YES_AGGRESSIVE;
				GCC_WARN_UNUSED_FUNCTION = YES;
				GCC_WARN_UNUSED_VARIABLE = YES;
				IPHONEOS_DEPLOYMENT_TARGET = 16.0;
				MTL_ENABLE_DEBUG_INFO = INCLUDE_SOURCE;
				MTL_FAST_MATH = YES;
				ONLY_ACTIVE_ARCH = YES;
				SDKROOT = iphoneos;
				SWIFT_ACTIVE_COMPILATION_CONDITIONS = DEBUG;
				SWIFT_OPTIMIZATION_LEVEL = "-Onone";
			};
			name = Debug;
		};
		4C4242652B0CAE6D00EC1F06 /* Release */ = {
			isa = XCBuildConfiguration;
			buildSettings = {
				ALWAYS_SEARCH_USER_PATHS = NO;
				CLANG_ANALYZER_NONNULL = YES;
				CLANG_ANALYZER_NUMBER_OBJECT_CONVERSION = YES_AGGRESSIVE;
				CLANG_CXX_LANGUAGE_STANDARD = "gnu++20";
				CLANG_ENABLE_MODULES = YES;
				CLANG_ENABLE_OBJC_ARC = YES;
				CLANG_ENABLE_OBJC_WEAK = YES;
				CLANG_WARN_BLOCK_CAPTURE_AUTORELEASING = YES;
				CLANG_WARN_BOOL_CONVERSION = YES;
				CLANG_WARN_COMMA = YES;
				CLANG_WARN_CONSTANT_CONVERSION = YES;
				CLANG_WARN_DEPRECATED_OBJC_IMPLEMENTATIONS = YES;
				CLANG_WARN_DIRECT_OBJC_ISA_USAGE = YES_ERROR;
				CLANG_WARN_DOCUMENTATION_COMMENTS = YES;
				CLANG_WARN_EMPTY_BODY = YES;
				CLANG_WARN_ENUM_CONVERSION = YES;
				CLANG_WARN_INFINITE_RECURSION = YES;
				CLANG_WARN_INT_CONVERSION = YES;
				CLANG_WARN_NON_LITERAL_NULL_CONVERSION = YES;
				CLANG_WARN_OBJC_IMPLICIT_RETAIN_SELF = YES;
				CLANG_WARN_OBJC_LITERAL_CONVERSION = YES;
				CLANG_WARN_OBJC_ROOT_CLASS = YES_ERROR;
				CLANG_WARN_QUOTED_INCLUDE_IN_FRAMEWORK_HEADER = YES;
				CLANG_WARN_RANGE_LOOP_ANALYSIS = YES;
				CLANG_WARN_STRICT_PROTOTYPES = YES;
				CLANG_WARN_SUSPICIOUS_MOVE = YES;
				CLANG_WARN_UNGUARDED_AVAILABILITY = YES_AGGRESSIVE;
				CLANG_WARN_UNREACHABLE_CODE = YES;
				CLANG_WARN__DUPLICATE_METHOD_MATCH = YES;
				COPY_PHASE_STRIP = NO;
				DEBUG_INFORMATION_FORMAT = "dwarf-with-dsym";
				ENABLE_NS_ASSERTIONS = NO;
				ENABLE_STRICT_OBJC_MSGSEND = YES;
				GCC_C_LANGUAGE_STANDARD = gnu11;
				GCC_NO_COMMON_BLOCKS = YES;
				GCC_WARN_64_TO_32_BIT_CONVERSION = YES;
				GCC_WARN_ABOUT_RETURN_TYPE = YES_ERROR;
				GCC_WARN_UNDECLARED_SELECTOR = YES;
				GCC_WARN_UNINITIALIZED_AUTOS = YES_AGGRESSIVE;
				GCC_WARN_UNUSED_FUNCTION = YES;
				GCC_WARN_UNUSED_VARIABLE = YES;
				IPHONEOS_DEPLOYMENT_TARGET = 16.0;
				MTL_ENABLE_DEBUG_INFO = NO;
				MTL_FAST_MATH = YES;
				SDKROOT = iphoneos;
				SWIFT_COMPILATION_MODE = wholemodule;
				SWIFT_OPTIMIZATION_LEVEL = "-O";
				VALIDATE_PRODUCT = YES;
			};
			name = Release;
		};
		4C4242672B0CAE6D00EC1F06 /* Debug */ = {
			isa = XCBuildConfiguration;
			baseConfigurationReference = B5283B6E1BBFFBF268F15A12 /* Pods-StartWars.debug.xcconfig */;
			buildSettings = {
				ASSETCATALOG_COMPILER_APPICON_NAME = AppIcon;
				ASSETCATALOG_COMPILER_GLOBAL_ACCENT_COLOR_NAME = AccentColor;
				CODE_SIGN_STYLE = Automatic;
				CURRENT_PROJECT_VERSION = 1;
				DEVELOPMENT_ASSET_PATHS = "\"StartWars/Preview Content\"";
				DEVELOPMENT_TEAM = 57VG6LQD2Z;
				ENABLE_PREVIEWS = YES;
				GENERATE_INFOPLIST_FILE = YES;
				INFOPLIST_KEY_UIApplicationSceneManifest_Generation = YES;
				INFOPLIST_KEY_UIApplicationSupportsIndirectInputEvents = YES;
				INFOPLIST_KEY_UILaunchScreen_Generation = YES;
				INFOPLIST_KEY_UISupportedInterfaceOrientations_iPad = "UIInterfaceOrientationPortrait UIInterfaceOrientationPortraitUpsideDown UIInterfaceOrientationLandscapeLeft UIInterfaceOrientationLandscapeRight";
				INFOPLIST_KEY_UISupportedInterfaceOrientations_iPhone = "UIInterfaceOrientationPortrait UIInterfaceOrientationLandscapeLeft UIInterfaceOrientationLandscapeRight";
				LD_RUNPATH_SEARCH_PATHS = (
					"$(inherited)",
					"@executable_path/Frameworks",
				);
				MARKETING_VERSION = 1.0;
				PRODUCT_BUNDLE_IDENTIFIER = com.MariaWilfling.StartWars;
				PRODUCT_NAME = "$(TARGET_NAME)";
				SWIFT_EMIT_LOC_STRINGS = YES;
				SWIFT_VERSION = 5.0;
				TARGETED_DEVICE_FAMILY = "1,2";
			};
			name = Debug;
		};
		4C4242682B0CAE6D00EC1F06 /* Release */ = {
			isa = XCBuildConfiguration;
			baseConfigurationReference = 06AED48B56A70582A621BA4D /* Pods-StartWars.release.xcconfig */;
			buildSettings = {
				ASSETCATALOG_COMPILER_APPICON_NAME = AppIcon;
				ASSETCATALOG_COMPILER_GLOBAL_ACCENT_COLOR_NAME = AccentColor;
				CODE_SIGN_STYLE = Automatic;
				CURRENT_PROJECT_VERSION = 1;
				DEVELOPMENT_ASSET_PATHS = "\"StartWars/Preview Content\"";
				DEVELOPMENT_TEAM = 57VG6LQD2Z;
				ENABLE_PREVIEWS = YES;
				GENERATE_INFOPLIST_FILE = YES;
				INFOPLIST_KEY_UIApplicationSceneManifest_Generation = YES;
				INFOPLIST_KEY_UIApplicationSupportsIndirectInputEvents = YES;
				INFOPLIST_KEY_UILaunchScreen_Generation = YES;
				INFOPLIST_KEY_UISupportedInterfaceOrientations_iPad = "UIInterfaceOrientationPortrait UIInterfaceOrientationPortraitUpsideDown UIInterfaceOrientationLandscapeLeft UIInterfaceOrientationLandscapeRight";
				INFOPLIST_KEY_UISupportedInterfaceOrientations_iPhone = "UIInterfaceOrientationPortrait UIInterfaceOrientationLandscapeLeft UIInterfaceOrientationLandscapeRight";
				LD_RUNPATH_SEARCH_PATHS = (
					"$(inherited)",
					"@executable_path/Frameworks",
				);
				MARKETING_VERSION = 1.0;
				PRODUCT_BUNDLE_IDENTIFIER = com.MariaWilfling.StartWars;
				PRODUCT_NAME = "$(TARGET_NAME)";
				SWIFT_EMIT_LOC_STRINGS = YES;
				SWIFT_VERSION = 5.0;
				TARGETED_DEVICE_FAMILY = "1,2";
			};
			name = Release;
		};
/* End XCBuildConfiguration section */

/* Begin XCConfigurationList section */
		4C4242532B0CAE6B00EC1F06 /* Build configuration list for PBXProject "StartWars" */ = {
			isa = XCConfigurationList;
			buildConfigurations = (
				4C4242642B0CAE6D00EC1F06 /* Debug */,
				4C4242652B0CAE6D00EC1F06 /* Release */,
			);
			defaultConfigurationIsVisible = 0;
			defaultConfigurationName = Release;
		};
		4C4242662B0CAE6D00EC1F06 /* Build configuration list for PBXNativeTarget "StartWars" */ = {
			isa = XCConfigurationList;
			buildConfigurations = (
				4C4242672B0CAE6D00EC1F06 /* Debug */,
				4C4242682B0CAE6D00EC1F06 /* Release */,
			);
			defaultConfigurationIsVisible = 0;
			defaultConfigurationName = Release;
		};
/* End XCConfigurationList section */
	};
	rootObject = 4C4242502B0CAE6B00EC1F06 /* Project object */;
}
